
Microsoft Visual Studio Solution File, Format Version 12.00
# Visual Studio 14
VisualStudioVersion = 14.0.25123.0
MinimumVisualStudioVersion = 10.0.40219.1
Project("{FAE04EC0-301F-11D3-BF4B-00C04F79EFBC}") = "Lesson 5", "Lesson 5\Lesson 5.csproj", "{F846644B-1A05-4E6E-B25E-A75954DAF197}"
EndProject
Global
	GlobalSection(SolutionConfigurationPlatforms) = preSolution
		Debug|Any CPU = Debug|Any CPU
		Release|Any CPU = Release|Any CPU
	EndGlobalSection
	GlobalSection(ProjectConfigurationPlatforms) = postSolution
		{F846644B-1A05-4E6E-B25E-A75954DAF197}.Debug|Any CPU.ActiveCfg = Debug|Any CPU
		{F846644B-1A05-4E6E-B25E-A75954DAF197}.Debug|Any CPU.Build.0 = Debug|Any CPU
		{F846644B-1A05-4E6E-B25E-A75954DAF197}.Release|Any CPU.ActiveCfg = Release|Any CPU
		{F846644B-1A05-4E6E-B25E-A75954DAF197}.Release|Any CPU.Build.0 = Release|Any CPU
	EndGlobalSection
	GlobalSection(SolutionProperties) = preSolution
		HideSolutionNode = FALSE
	EndGlobalSection
EndGlobal
